// !$*UTF8*$!
{
	archiveVersion = 1;
	classes = {
	};
	objectVersion = 48;
	objects = {

/* Begin PBXBuildFile section */
		8B60958420984D7A003D3737 /* ToDoItem.swift in Sources */ = {isa = PBXBuildFile; fileRef = 8B60958320984D7A003D3737 /* ToDoItem.swift */; };
		9204E89A209ED44100C59C87 /* TaskTableViewCell.swift in Sources */ = {isa = PBXBuildFile; fileRef = 9204E899209ED44100C59C87 /* TaskTableViewCell.swift */; };
		9204E89C209EE0D200C59C87 /* HistoryTableViewCell.swift in Sources */ = {isa = PBXBuildFile; fileRef = 9204E89B209EE0D200C59C87 /* HistoryTableViewCell.swift */; };
		9204E89E209EE0F000C59C87 /* CollaboratorTableViewCell.swift in Sources */ = {isa = PBXBuildFile; fileRef = 9204E89D209EE0F000C59C87 /* CollaboratorTableViewCell.swift */; };
		92057F5A20A0932900A936E4 /* History.swift in Sources */ = {isa = PBXBuildFile; fileRef = 92057F5920A0932900A936E4 /* History.swift */; };
		920790B820946E11007CDDA4 /* AppDelegate.swift in Sources */ = {isa = PBXBuildFile; fileRef = 920790B720946E11007CDDA4 /* AppDelegate.swift */; };
		920790BA20946E11007CDDA4 /* MasterViewController.swift in Sources */ = {isa = PBXBuildFile; fileRef = 920790B920946E11007CDDA4 /* MasterViewController.swift */; };
		920790BC20946E11007CDDA4 /* DetailViewController.swift in Sources */ = {isa = PBXBuildFile; fileRef = 920790BB20946E11007CDDA4 /* DetailViewController.swift */; };
		920790BF20946E11007CDDA4 /* Main.storyboard in Resources */ = {isa = PBXBuildFile; fileRef = 920790BD20946E11007CDDA4 /* Main.storyboard */; };
		920790C120946E11007CDDA4 /* Assets.xcassets in Resources */ = {isa = PBXBuildFile; fileRef = 920790C020946E11007CDDA4 /* Assets.xcassets */; };
		920790C420946E11007CDDA4 /* LaunchScreen.storyboard in Resources */ = {isa = PBXBuildFile; fileRef = 920790C220946E11007CDDA4 /* LaunchScreen.storyboard */; };
		920790CF20946E11007CDDA4 /* GettingThingsDone2Tests.swift in Sources */ = {isa = PBXBuildFile; fileRef = 920790CE20946E11007CDDA4 /* GettingThingsDone2Tests.swift */; };
		920790DA20946E11007CDDA4 /* GettingThingsDone2UITests.swift in Sources */ = {isa = PBXBuildFile; fileRef = 920790D920946E11007CDDA4 /* GettingThingsDone2UITests.swift */; };
		920DE4FE20B38A7700D6CC35 /* PeerToPeerManager.swift in Sources */ = {isa = PBXBuildFile; fileRef = 920DE4FD20B38A7700D6CC35 /* PeerToPeerManager.swift */; };
/* End PBXBuildFile section */

/* Begin PBXContainerItemProxy section */
		920790CB20946E11007CDDA4 /* PBXContainerItemProxy */ = {
			isa = PBXContainerItemProxy;
			containerPortal = 920790AC20946E11007CDDA4 /* Project object */;
			proxyType = 1;
			remoteGlobalIDString = 920790B320946E11007CDDA4;
			remoteInfo = GettingThingsDone2;
		};
		920790D620946E11007CDDA4 /* PBXContainerItemProxy */ = {
			isa = PBXContainerItemProxy;
			containerPortal = 920790AC20946E11007CDDA4 /* Project object */;
			proxyType = 1;
			remoteGlobalIDString = 920790B320946E11007CDDA4;
			remoteInfo = GettingThingsDone2;
		};
/* End PBXContainerItemProxy section */

/* Begin PBXFileReference section */
		8B60958320984D7A003D3737 /* ToDoItem.swift */ = {isa = PBXFileReference; lastKnownFileType = sourcecode.swift; path = ToDoItem.swift; sourceTree = "<group>"; };
		9204E899209ED44100C59C87 /* TaskTableViewCell.swift */ = {isa = PBXFileReference; lastKnownFileType = sourcecode.swift; path = TaskTableViewCell.swift; sourceTree = "<group>"; };
		9204E89B209EE0D200C59C87 /* HistoryTableViewCell.swift */ = {isa = PBXFileReference; lastKnownFileType = sourcecode.swift; path = HistoryTableViewCell.swift; sourceTree = "<group>"; };
		9204E89D209EE0F000C59C87 /* CollaboratorTableViewCell.swift */ = {isa = PBXFileReference; lastKnownFileType = sourcecode.swift; path = CollaboratorTableViewCell.swift; sourceTree = "<group>"; };
		92057F5920A0932900A936E4 /* History.swift */ = {isa = PBXFileReference; lastKnownFileType = sourcecode.swift; path = History.swift; sourceTree = "<group>"; };
		920790B420946E11007CDDA4 /* GettingThingsDone2.app */ = {isa = PBXFileReference; explicitFileType = wrapper.application; includeInIndex = 0; path = GettingThingsDone2.app; sourceTree = BUILT_PRODUCTS_DIR; };
		920790B720946E11007CDDA4 /* AppDelegate.swift */ = {isa = PBXFileReference; lastKnownFileType = sourcecode.swift; path = AppDelegate.swift; sourceTree = "<group>"; };
		920790B920946E11007CDDA4 /* MasterViewController.swift */ = {isa = PBXFileReference; lastKnownFileType = sourcecode.swift; path = MasterViewController.swift; sourceTree = "<group>"; };
		920790BB20946E11007CDDA4 /* DetailViewController.swift */ = {isa = PBXFileReference; lastKnownFileType = sourcecode.swift; path = DetailViewController.swift; sourceTree = "<group>"; };
		920790BE20946E11007CDDA4 /* Base */ = {isa = PBXFileReference; lastKnownFileType = file.storyboard; name = Base; path = Base.lproj/Main.storyboard; sourceTree = "<group>"; };
		920790C020946E11007CDDA4 /* Assets.xcassets */ = {isa = PBXFileReference; lastKnownFileType = folder.assetcatalog; path = Assets.xcassets; sourceTree = "<group>"; };
		920790C320946E11007CDDA4 /* Base */ = {isa = PBXFileReference; lastKnownFileType = file.storyboard; name = Base; path = Base.lproj/LaunchScreen.storyboard; sourceTree = "<group>"; };
		920790C520946E11007CDDA4 /* Info.plist */ = {isa = PBXFileReference; lastKnownFileType = text.plist.xml; path = Info.plist; sourceTree = "<group>"; };
		920790CA20946E11007CDDA4 /* GettingThingsDone2Tests.xctest */ = {isa = PBXFileReference; explicitFileType = wrapper.cfbundle; includeInIndex = 0; path = GettingThingsDone2Tests.xctest; sourceTree = BUILT_PRODUCTS_DIR; };
		920790CE20946E11007CDDA4 /* GettingThingsDone2Tests.swift */ = {isa = PBXFileReference; lastKnownFileType = sourcecode.swift; path = GettingThingsDone2Tests.swift; sourceTree = "<group>"; };
		920790D020946E11007CDDA4 /* Info.plist */ = {isa = PBXFileReference; lastKnownFileType = text.plist.xml; path = Info.plist; sourceTree = "<group>"; };
		920790D520946E11007CDDA4 /* GettingThingsDone2UITests.xctest */ = {isa = PBXFileReference; explicitFileType = wrapper.cfbundle; includeInIndex = 0; path = GettingThingsDone2UITests.xctest; sourceTree = BUILT_PRODUCTS_DIR; };
		920790D920946E11007CDDA4 /* GettingThingsDone2UITests.swift */ = {isa = PBXFileReference; lastKnownFileType = sourcecode.swift; path = GettingThingsDone2UITests.swift; sourceTree = "<group>"; };
		920790DB20946E11007CDDA4 /* Info.plist */ = {isa = PBXFileReference; lastKnownFileType = text.plist.xml; path = Info.plist; sourceTree = "<group>"; };
		920DE4FD20B38A7700D6CC35 /* PeerToPeerManager.swift */ = {isa = PBXFileReference; lastKnownFileType = sourcecode.swift; path = PeerToPeerManager.swift; sourceTree = "<group>"; };
/* End PBXFileReference section */

/* Begin PBXFrameworksBuildPhase section */
		920790B120946E11007CDDA4 /* Frameworks */ = {
			isa = PBXFrameworksBuildPhase;
			buildActionMask = 2147483647;
			files = (
			);
			runOnlyForDeploymentPostprocessing = 0;
		};
		920790C720946E11007CDDA4 /* Frameworks */ = {
			isa = PBXFrameworksBuildPhase;
			buildActionMask = 2147483647;
			files = (
			);
			runOnlyForDeploymentPostprocessing = 0;
		};
		920790D220946E11007CDDA4 /* Frameworks */ = {
			isa = PBXFrameworksBuildPhase;
			buildActionMask = 2147483647;
			files = (
			);
			runOnlyForDeploymentPostprocessing = 0;
		};
/* End PBXFrameworksBuildPhase section */

/* Begin PBXGroup section */
		920790AB20946E11007CDDA4 = {
			isa = PBXGroup;
			children = (
				920790B620946E11007CDDA4 /* GettingThingsDone2 */,
				920790CD20946E11007CDDA4 /* GettingThingsDone2Tests */,
				920790D820946E11007CDDA4 /* GettingThingsDone2UITests */,
				920790B520946E11007CDDA4 /* Products */,
			);
			sourceTree = "<group>";
		};
		920790B520946E11007CDDA4 /* Products */ = {
			isa = PBXGroup;
			children = (
				920790B420946E11007CDDA4 /* GettingThingsDone2.app */,
				920790CA20946E11007CDDA4 /* GettingThingsDone2Tests.xctest */,
				920790D520946E11007CDDA4 /* GettingThingsDone2UITests.xctest */,
			);
			name = Products;
			sourceTree = "<group>";
		};
		920790B620946E11007CDDA4 /* GettingThingsDone2 */ = {
			isa = PBXGroup;
			children = (
				920790B720946E11007CDDA4 /* AppDelegate.swift */,
				920790B920946E11007CDDA4 /* MasterViewController.swift */,
				920DE4FD20B38A7700D6CC35 /* PeerToPeerManager.swift */,
				920790BB20946E11007CDDA4 /* DetailViewController.swift */,
				920790BD20946E11007CDDA4 /* Main.storyboard */,
				920790C020946E11007CDDA4 /* Assets.xcassets */,
				920790C220946E11007CDDA4 /* LaunchScreen.storyboard */,
				920790C520946E11007CDDA4 /* Info.plist */,
				8B60958320984D7A003D3737 /* ToDoItem.swift */,
				9204E899209ED44100C59C87 /* TaskTableViewCell.swift */,
				9204E89B209EE0D200C59C87 /* HistoryTableViewCell.swift */,
				9204E89D209EE0F000C59C87 /* CollaboratorTableViewCell.swift */,
				92057F5920A0932900A936E4 /* History.swift */,
			);
			path = GettingThingsDone2;
			sourceTree = "<group>";
		};
		920790CD20946E11007CDDA4 /* GettingThingsDone2Tests */ = {
			isa = PBXGroup;
			children = (
				920790CE20946E11007CDDA4 /* GettingThingsDone2Tests.swift */,
				920790D020946E11007CDDA4 /* Info.plist */,
			);
			path = GettingThingsDone2Tests;
			sourceTree = "<group>";
		};
		920790D820946E11007CDDA4 /* GettingThingsDone2UITests */ = {
			isa = PBXGroup;
			children = (
				920790D920946E11007CDDA4 /* GettingThingsDone2UITests.swift */,
				920790DB20946E11007CDDA4 /* Info.plist */,
			);
			path = GettingThingsDone2UITests;
			sourceTree = "<group>";
		};
/* End PBXGroup section */

/* Begin PBXNativeTarget section */
		920790B320946E11007CDDA4 /* GettingThingsDone2 */ = {
			isa = PBXNativeTarget;
			buildConfigurationList = 920790DE20946E11007CDDA4 /* Build configuration list for PBXNativeTarget "GettingThingsDone2" */;
			buildPhases = (
				920790B020946E11007CDDA4 /* Sources */,
				920790B120946E11007CDDA4 /* Frameworks */,
				920790B220946E11007CDDA4 /* Resources */,
			);
			buildRules = (
			);
			dependencies = (
			);
			name = GettingThingsDone2;
			productName = GettingThingsDone2;
			productReference = 920790B420946E11007CDDA4 /* GettingThingsDone2.app */;
			productType = "com.apple.product-type.application";
		};
		920790C920946E11007CDDA4 /* GettingThingsDone2Tests */ = {
			isa = PBXNativeTarget;
			buildConfigurationList = 920790E120946E11007CDDA4 /* Build configuration list for PBXNativeTarget "GettingThingsDone2Tests" */;
			buildPhases = (
				920790C620946E11007CDDA4 /* Sources */,
				920790C720946E11007CDDA4 /* Frameworks */,
				920790C820946E11007CDDA4 /* Resources */,
			);
			buildRules = (
			);
			dependencies = (
				920790CC20946E11007CDDA4 /* PBXTargetDependency */,
			);
			name = GettingThingsDone2Tests;
			productName = GettingThingsDone2Tests;
			productReference = 920790CA20946E11007CDDA4 /* GettingThingsDone2Tests.xctest */;
			productType = "com.apple.product-type.bundle.unit-test";
		};
		920790D420946E11007CDDA4 /* GettingThingsDone2UITests */ = {
			isa = PBXNativeTarget;
			buildConfigurationList = 920790E420946E11007CDDA4 /* Build configuration list for PBXNativeTarget "GettingThingsDone2UITests" */;
			buildPhases = (
				920790D120946E11007CDDA4 /* Sources */,
				920790D220946E11007CDDA4 /* Frameworks */,
				920790D320946E11007CDDA4 /* Resources */,
			);
			buildRules = (
			);
			dependencies = (
				920790D720946E11007CDDA4 /* PBXTargetDependency */,
			);
			name = GettingThingsDone2UITests;
			productName = GettingThingsDone2UITests;
			productReference = 920790D520946E11007CDDA4 /* GettingThingsDone2UITests.xctest */;
			productType = "com.apple.product-type.bundle.ui-testing";
		};
/* End PBXNativeTarget section */

/* Begin PBXProject section */
		920790AC20946E11007CDDA4 /* Project object */ = {
			isa = PBXProject;
			attributes = {
				LastSwiftUpdateCheck = 0920;
				LastUpgradeCheck = 0920;
				ORGANIZATIONNAME = Arunbaby;
				TargetAttributes = {
					920790B320946E11007CDDA4 = {
						CreatedOnToolsVersion = 9.2;
						ProvisioningStyle = Automatic;
					};
					920790C920946E11007CDDA4 = {
						CreatedOnToolsVersion = 9.2;
						ProvisioningStyle = Automatic;
						TestTargetID = 920790B320946E11007CDDA4;
					};
					920790D420946E11007CDDA4 = {
						CreatedOnToolsVersion = 9.2;
						ProvisioningStyle = Automatic;
						TestTargetID = 920790B320946E11007CDDA4;
					};
				};
			};
			buildConfigurationList = 920790AF20946E11007CDDA4 /* Build configuration list for PBXProject "GettingThingsDone2" */;
			compatibilityVersion = "Xcode 8.0";
			developmentRegion = en;
			hasScannedForEncodings = 0;
			knownRegions = (
				en,
				Base,
			);
			mainGroup = 920790AB20946E11007CDDA4;
			productRefGroup = 920790B520946E11007CDDA4 /* Products */;
			projectDirPath = "";
			projectRoot = "";
			targets = (
				920790B320946E11007CDDA4 /* GettingThingsDone2 */,
				920790C920946E11007CDDA4 /* GettingThingsDone2Tests */,
				920790D420946E11007CDDA4 /* GettingThingsDone2UITests */,
			);
		};
/* End PBXProject section */

/* Begin PBXResourcesBuildPhase section */
		920790B220946E11007CDDA4 /* Resources */ = {
			isa = PBXResourcesBuildPhase;
			buildActionMask = 2147483647;
			files = (
				920790C420946E11007CDDA4 /* LaunchScreen.storyboard in Resources */,
				920790C120946E11007CDDA4 /* Assets.xcassets in Resources */,
				920790BF20946E11007CDDA4 /* Main.storyboard in Resources */,
			);
			runOnlyForDeploymentPostprocessing = 0;
		};
		920790C820946E11007CDDA4 /* Resources */ = {
			isa = PBXResourcesBuildPhase;
			buildActionMask = 2147483647;
			files = (
			);
			runOnlyForDeploymentPostprocessing = 0;
		};
		920790D320946E11007CDDA4 /* Resources */ = {
			isa = PBXResourcesBuildPhase;
			buildActionMask = 2147483647;
			files = (
			);
			runOnlyForDeploymentPostprocessing = 0;
		};
/* End PBXResourcesBuildPhase section */

/* Begin PBXSourcesBuildPhase section */
		920790B020946E11007CDDA4 /* Sources */ = {
			isa = PBXSourcesBuildPhase;
			buildActionMask = 2147483647;
			files = (
				920DE4FE20B38A7700D6CC35 /* PeerToPeerManager.swift in Sources */,
				9204E89C209EE0D200C59C87 /* HistoryTableViewCell.swift in Sources */,
				9204E89A209ED44100C59C87 /* TaskTableViewCell.swift in Sources */,
				92057F5A20A0932900A936E4 /* History.swift in Sources */,
				920790BC20946E11007CDDA4 /* DetailViewController.swift in Sources */,
				920790BA20946E11007CDDA4 /* MasterViewController.swift in Sources */,
				920790B820946E11007CDDA4 /* AppDelegate.swift in Sources */,
				9204E89E209EE0F000C59C87 /* CollaboratorTableViewCell.swift in Sources */,
				8B60958420984D7A003D3737 /* ToDoItem.swift in Sources */,
			);
			runOnlyForDeploymentPostprocessing = 0;
		};
		920790C620946E11007CDDA4 /* Sources */ = {
			isa = PBXSourcesBuildPhase;
			buildActionMask = 2147483647;
			files = (
				920790CF20946E11007CDDA4 /* GettingThingsDone2Tests.swift in Sources */,
			);
			runOnlyForDeploymentPostprocessing = 0;
		};
		920790D120946E11007CDDA4 /* Sources */ = {
			isa = PBXSourcesBuildPhase;
			buildActionMask = 2147483647;
			files = (
				920790DA20946E11007CDDA4 /* GettingThingsDone2UITests.swift in Sources */,
			);
			runOnlyForDeploymentPostprocessing = 0;
		};
/* End PBXSourcesBuildPhase section */

/* Begin PBXTargetDependency section */
		920790CC20946E11007CDDA4 /* PBXTargetDependency */ = {
			isa = PBXTargetDependency;
			target = 920790B320946E11007CDDA4 /* GettingThingsDone2 */;
			targetProxy = 920790CB20946E11007CDDA4 /* PBXContainerItemProxy */;
		};
		920790D720946E11007CDDA4 /* PBXTargetDependency */ = {
			isa = PBXTargetDependency;
			target = 920790B320946E11007CDDA4 /* GettingThingsDone2 */;
			targetProxy = 920790D620946E11007CDDA4 /* PBXContainerItemProxy */;
		};
/* End PBXTargetDependency section */

/* Begin PBXVariantGroup section */
		920790BD20946E11007CDDA4 /* Main.storyboard */ = {
			isa = PBXVariantGroup;
			children = (
				920790BE20946E11007CDDA4 /* Base */,
			);
			name = Main.storyboard;
			sourceTree = "<group>";
		};
		920790C220946E11007CDDA4 /* LaunchScreen.storyboard */ = {
			isa = PBXVariantGroup;
			children = (
				920790C320946E11007CDDA4 /* Base */,
			);
			name = LaunchScreen.storyboard;
			sourceTree = "<group>";
		};
/* End PBXVariantGroup section */

/* Begin XCBuildConfiguration section */
		920790DC20946E11007CDDA4 /* Debug */ = {
			isa = XCBuildConfiguration;
			buildSettings = {
				ALWAYS_SEARCH_USER_PATHS = NO;
				CLANG_ANALYZER_NONNULL = YES;
				CLANG_ANALYZER_NUMBER_OBJECT_CONVERSION = YES_AGGRESSIVE;
				CLANG_CXX_LANGUAGE_STANDARD = "gnu++14";
				CLANG_CXX_LIBRARY = "libc++";
				CLANG_ENABLE_MODULES = YES;
				CLANG_ENABLE_OBJC_ARC = YES;
				CLANG_WARN_BLOCK_CAPTURE_AUTORELEASING = YES;
				CLANG_WARN_BOOL_CONVERSION = YES;
				CLANG_WARN_COMMA = YES;
				CLANG_WARN_CONSTANT_CONVERSION = YES;
				CLANG_WARN_DIRECT_OBJC_ISA_USAGE = YES_ERROR;
				CLANG_WARN_DOCUMENTATION_COMMENTS = YES;
				CLANG_WARN_EMPTY_BODY = YES;
				CLANG_WARN_ENUM_CONVERSION = YES;
				CLANG_WARN_INFINITE_RECURSION = YES;
				CLANG_WARN_INT_CONVERSION = YES;
				CLANG_WARN_NON_LITERAL_NULL_CONVERSION = YES;
				CLANG_WARN_OBJC_LITERAL_CONVERSION = YES;
				CLANG_WARN_OBJC_ROOT_CLASS = YES_ERROR;
				CLANG_WARN_RANGE_LOOP_ANALYSIS = YES;
				CLANG_WARN_STRICT_PROTOTYPES = YES;
				CLANG_WARN_SUSPICIOUS_MOVE = YES;
				CLANG_WARN_UNGUARDED_AVAILABILITY = YES_AGGRESSIVE;
				CLANG_WARN_UNREACHABLE_CODE = YES;
				CLANG_WARN__DUPLICATE_METHOD_MATCH = YES;
				CODE_SIGN_IDENTITY = "iPhone Developer";
				COPY_PHASE_STRIP = NO;
				DEBUG_INFORMATION_FORMAT = dwarf;
				ENABLE_STRICT_OBJC_MSGSEND = YES;
				ENABLE_TESTABILITY = YES;
				GCC_C_LANGUAGE_STANDARD = gnu11;
				GCC_DYNAMIC_NO_PIC = NO;
				GCC_NO_COMMON_BLOCKS = YES;
				GCC_OPTIMIZATION_LEVEL = 0;
				GCC_PREPROCESSOR_DEFINITIONS = (
					"DEBUG=1",
					"$(inherited)",
				);
				GCC_WARN_64_TO_32_BIT_CONVERSION = YES;
				GCC_WARN_ABOUT_RETURN_TYPE = YES_ERROR;
				GCC_WARN_UNDECLARED_SELECTOR = YES;
				GCC_WARN_UNINITIALIZED_AUTOS = YES_AGGRESSIVE;
				GCC_WARN_UNUSED_FUNCTION = YES;
				GCC_WARN_UNUSED_VARIABLE = YES;
				IPHONEOS_DEPLOYMENT_TARGET = 11.2;
				MTL_ENABLE_DEBUG_INFO = YES;
				ONLY_ACTIVE_ARCH = YES;
				SDKROOT = iphoneos;
				SWIFT_ACTIVE_COMPILATION_CONDITIONS = DEBUG;
				SWIFT_OPTIMIZATION_LEVEL = "-Onone";
			};
			name = Debug;
		};
		920790DD20946E11007CDDA4 /* Release */ = {
			isa = XCBuildConfiguration;
			buildSettings = {
				ALWAYS_SEARCH_USER_PATHS = NO;
				CLANG_ANALYZER_NONNULL = YES;
				CLANG_ANALYZER_NUMBER_OBJECT_CONVERSION = YES_AGGRESSIVE;
				CLANG_CXX_LANGUAGE_STANDARD = "gnu++14";
				CLANG_CXX_LIBRARY = "libc++";
				CLANG_ENABLE_MODULES = YES;
				CLANG_ENABLE_OBJC_ARC = YES;
				CLANG_WARN_BLOCK_CAPTURE_AUTORELEASING = YES;
				CLANG_WARN_BOOL_CONVERSION = YES;
				CLANG_WARN_COMMA = YES;
				CLANG_WARN_CONSTANT_CONVERSION = YES;
				CLANG_WARN_DIRECT_OBJC_ISA_USAGE = YES_ERROR;
				CLANG_WARN_DOCUMENTATION_COMMENTS = YES;
				CLANG_WARN_EMPTY_BODY = YES;
				CLANG_WARN_ENUM_CONVERSION = YES;
				CLANG_WARN_INFINITE_RECURSION = YES;
				CLANG_WARN_INT_CONVERSION = YES;
				CLANG_WARN_NON_LITERAL_NULL_CONVERSION = YES;
				CLANG_WARN_OBJC_LITERAL_CONVERSION = YES;
				CLANG_WARN_OBJC_ROOT_CLASS = YES_ERROR;
				CLANG_WARN_RANGE_LOOP_ANALYSIS = YES;
				CLANG_WARN_STRICT_PROTOTYPES = YES;
				CLANG_WARN_SUSPICIOUS_MOVE = YES;
				CLANG_WARN_UNGUARDED_AVAILABILITY = YES_AGGRESSIVE;
				CLANG_WARN_UNREACHABLE_CODE = YES;
				CLANG_WARN__DUPLICATE_METHOD_MATCH = YES;
				CODE_SIGN_IDENTITY = "iPhone Developer";
				COPY_PHASE_STRIP = NO;
				DEBUG_INFORMATION_FORMAT = "dwarf-with-dsym";
				ENABLE_NS_ASSERTIONS = NO;
				ENABLE_STRICT_OBJC_MSGSEND = YES;
				GCC_C_LANGUAGE_STANDARD = gnu11;
				GCC_NO_COMMON_BLOCKS = YES;
				GCC_WARN_64_TO_32_BIT_CONVERSION = YES;
				GCC_WARN_ABOUT_RETURN_TYPE = YES_ERROR;
				GCC_WARN_UNDECLARED_SELECTOR = YES;
				GCC_WARN_UNINITIALIZED_AUTOS = YES_AGGRESSIVE;
				GCC_WARN_UNUSED_FUNCTION = YES;
				GCC_WARN_UNUSED_VARIABLE = YES;
				IPHONEOS_DEPLOYMENT_TARGET = 11.2;
				MTL_ENABLE_DEBUG_INFO = NO;
				SDKROOT = iphoneos;
				SWIFT_OPTIMIZATION_LEVEL = "-Owholemodule";
				VALIDATE_PRODUCT = YES;
			};
			name = Release;
		};
		920790DF20946E11007CDDA4 /* Debug */ = {
			isa = XCBuildConfiguration;
			buildSettings = {
				ASSETCATALOG_COMPILER_APPICON_NAME = AppIcon;
				CODE_SIGN_STYLE = Automatic;
				INFOPLIST_FILE = GettingThingsDone2/Info.plist;
				LD_RUNPATH_SEARCH_PATHS = "$(inherited) @executable_path/Frameworks";
				PRODUCT_BUNDLE_IDENTIFIER = au.edu.griffith.ict.prog.GettingThingsDone2;
				PRODUCT_NAME = "$(TARGET_NAME)";
				SWIFT_VERSION = 4.0;
				TARGETED_DEVICE_FAMILY = "1,2";
			};
			name = Debug;
		};
		920790E020946E11007CDDA4 /* Release */ = {
			isa = XCBuildConfiguration;
			buildSettings = {
				ASSETCATALOG_COMPILER_APPICON_NAME = AppIcon;
				CODE_SIGN_STYLE = Automatic;
				INFOPLIST_FILE = GettingThingsDone2/Info.plist;
				LD_RUNPATH_SEARCH_PATHS = "$(inherited) @executable_path/Frameworks";
				PRODUCT_BUNDLE_IDENTIFIER = au.edu.griffith.ict.prog.GettingThingsDone2;
				PRODUCT_NAME = "$(TARGET_NAME)";
				SWIFT_VERSION = 4.0;
				TARGETED_DEVICE_FAMILY = "1,2";
			};
			name = Release;
		};
		920790E220946E11007CDDA4 /* Debug */ = {
			isa = XCBuildConfiguration;
			buildSettings = {
				ALWAYS_EMBED_SWIFT_STANDARD_LIBRARIES = YES;
				BUNDLE_LOADER = "$(TEST_HOST)";
				CODE_SIGN_STYLE = Automatic;
				INFOPLIST_FILE = GettingThingsDone2Tests/Info.plist;
				LD_RUNPATH_SEARCH_PATHS = "$(inherited) @executable_path/Frameworks @loader_path/Frameworks";
				PRODUCT_BUNDLE_IDENTIFIER = au.edu.griffith.ict.prog.GettingThingsDone2Tests;
				PRODUCT_NAME = "$(TARGET_NAME)";
				SWIFT_VERSION = 4.0;
				TARGETED_DEVICE_FAMILY = "1,2";
				TEST_HOST = "$(BUILT_PRODUCTS_DIR)/GettingThingsDone2.app/GettingThingsDone2";
			};
			name = Debug;
		};
		920790E320946E11007CDDA4 /* Release */ = {
			isa = XCBuildConfiguration;
			buildSettings = {
				ALWAYS_EMBED_SWIFT_STANDARD_LIBRARIES = YES;
				BUNDLE_LOADER = "$(TEST_HOST)";
				CODE_SIGN_STYLE = Automatic;
				INFOPLIST_FILE = GettingThingsDone2Tests/Info.plist;
				LD_RUNPATH_SEARCH_PATHS = "$(inherited) @executable_path/Frameworks @loader_path/Frameworks";
				PRODUCT_BUNDLE_IDENTIFIER = au.edu.griffith.ict.prog.GettingThingsDone2Tests;
				PRODUCT_NAME = "$(TARGET_NAME)";
				SWIFT_VERSION = 4.0;
				TARGETED_DEVICE_FAMILY = "1,2";
				TEST_HOST = "$(BUILT_PRODUCTS_DIR)/GettingThingsDone2.app/GettingThingsDone2";
			};
			name = Release;
		};
		920790E520946E11007CDDA4 /* Debug */ = {
			isa = XCBuildConfiguration;
			buildSettings = {
				ALWAYS_EMBED_SWIFT_STANDARD_LIBRARIES = YES;
				CODE_SIGN_STYLE = Automatic;
				INFOPLIST_FILE = GettingThingsDone2UITests/Info.plist;
				LD_RUNPATH_SEARCH_PATHS = "$(inherited) @executable_path/Frameworks @loader_path/Frameworks";
				PRODUCT_BUNDLE_IDENTIFIER = au.edu.griffith.ict.prog.GettingThingsDone2UITests;
				PRODUCT_NAME = "$(TARGET_NAME)";
				SWIFT_VERSION = 4.0;
				TARGETED_DEVICE_FAMILY = "1,2";
				TEST_TARGET_NAME = GettingThingsDone2;
			};
			name = Debug;
		};
		920790E620946E11007CDDA4 /* Release */ = {
			isa = XCBuildConfiguration;
			buildSettings = {
				ALWAYS_EMBED_SWIFT_STANDARD_LIBRARIES = YES;
				CODE_SIGN_STYLE = Automatic;
				INFOPLIST_FILE = GettingThingsDone2UITests/Info.plist;
				LD_RUNPATH_SEARCH_PATHS = "$(inherited) @executable_path/Frameworks @loader_path/Frameworks";
				PRODUCT_BUNDLE_IDENTIFIER = au.edu.griffith.ict.prog.GettingThingsDone2UITests;
				PRODUCT_NAME = "$(TARGET_NAME)";
				SWIFT_VERSION = 4.0;
				TARGETED_DEVICE_FAMILY = "1,2";
				TEST_TARGET_NAME = GettingThingsDone2;
			};
			name = Release;
		};
/* End XCBuildConfiguration section */

/* Begin XCConfigurationList section */
		920790AF20946E11007CDDA4 /* Build configuration list for PBXProject "GettingThingsDone2" */ = {
			isa = XCConfigurationList;
			buildConfigurations = (
				920790DC20946E11007CDDA4 /* Debug */,
				920790DD20946E11007CDDA4 /* Release */,
			);
			defaultConfigurationIsVisible = 0;
			defaultConfigurationName = Release;
		};
		920790DE20946E11007CDDA4 /* Build configuration list for PBXNativeTarget "GettingThingsDone2" */ = {
			isa = XCConfigurationList;
			buildConfigurations = (
				920790DF20946E11007CDDA4 /* Debug */,
				920790E020946E11007CDDA4 /* Release */,
			);
			defaultConfigurationIsVisible = 0;
			defaultConfigurationName = Release;
		};
		920790E120946E11007CDDA4 /* Build configuration list for PBXNativeTarget "GettingThingsDone2Tests" */ = {
			isa = XCConfigurationList;
			buildConfigurations = (
				920790E220946E11007CDDA4 /* Debug */,
				920790E320946E11007CDDA4 /* Release */,
			);
			defaultConfigurationIsVisible = 0;
			defaultConfigurationName = Release;
		};
		920790E420946E11007CDDA4 /* Build configuration list for PBXNativeTarget "GettingThingsDone2UITests" */ = {
			isa = XCConfigurationList;
			buildConfigurations = (
				920790E520946E11007CDDA4 /* Debug */,
				920790E620946E11007CDDA4 /* Release */,
			);
			defaultConfigurationIsVisible = 0;
			defaultConfigurationName = Release;
		};
/* End XCConfigurationList section */
	};
	rootObject = 920790AC20946E11007CDDA4 /* Project object */;
}
